// !$*UTF8*$!
{
	archiveVersion = 1;
	classes = {
	};
	objectVersion = 50;
	objects = {

/* Begin PBXBuildFile section */
		270DAB6422A81AA700868BAB /* AppDelegate.swift in Sources */ = {isa = PBXBuildFile; fileRef = 270DAB6322A81AA700868BAB /* AppDelegate.swift */; };
		270DAB6922A81AA700868BAB /* Main.storyboard in Resources */ = {isa = PBXBuildFile; fileRef = 270DAB6722A81AA700868BAB /* Main.storyboard */; };
		270DAB6B22A81AAA00868BAB /* Assets.xcassets in Resources */ = {isa = PBXBuildFile; fileRef = 270DAB6A22A81AAA00868BAB /* Assets.xcassets */; };
		270DAB6E22A81AAA00868BAB /* LaunchScreen.storyboard in Resources */ = {isa = PBXBuildFile; fileRef = 270DAB6C22A81AAA00868BAB /* LaunchScreen.storyboard */; };
		270DAB7622A81ABC00868BAB /* SmolPresentationController.swift in Sources */ = {isa = PBXBuildFile; fileRef = 270DAB7522A81ABC00868BAB /* SmolPresentationController.swift */; };
		270DAB7822A81AC100868BAB /* ViewControllers.swift in Sources */ = {isa = PBXBuildFile; fileRef = 270DAB7722A81AC100868BAB /* ViewControllers.swift */; };
/* End PBXBuildFile section */

/* Begin PBXFileReference section */
		270DAB6022A81AA700868BAB /* Presentation 12.app */ = {isa = PBXFileReference; explicitFileType = wrapper.application; includeInIndex = 0; path = "Presentation 12.app"; sourceTree = BUILT_PRODUCTS_DIR; };
		270DAB6322A81AA700868BAB /* AppDelegate.swift */ = {isa = PBXFileReference; lastKnownFileType = sourcecode.swift; path = AppDelegate.swift; sourceTree = "<group>"; };
		270DAB6822A81AA700868BAB /* Base */ = {isa = PBXFileReference; lastKnownFileType = file.storyboard; name = Base; path = Base.lproj/Main.storyboard; sourceTree = "<group>"; };
		270DAB6A22A81AAA00868BAB /* Assets.xcassets */ = {isa = PBXFileReference; lastKnownFileType = folder.assetcatalog; path = Assets.xcassets; sourceTree = "<group>"; };
		270DAB6D22A81AAA00868BAB /* Base */ = {isa = PBXFileReference; lastKnownFileType = file.storyboard; name = Base; path = Base.lproj/LaunchScreen.storyboard; sourceTree = "<group>"; };
		270DAB6F22A81AAA00868BAB /* Info.plist */ = {isa = PBXFileReference; lastKnownFileType = text.plist.xml; path = Info.plist; sourceTree = "<group>"; };
		270DAB7522A81ABC00868BAB /* SmolPresentationController.swift */ = {isa = PBXFileReference; fileEncoding = 4; lastKnownFileType = sourcecode.swift; path = SmolPresentationController.swift; sourceTree = "<group>"; };
		270DAB7722A81AC100868BAB /* ViewControllers.swift */ = {isa = PBXFileReference; fileEncoding = 4; lastKnownFileType = sourcecode.swift; path = ViewControllers.swift; sourceTree = "<group>"; };
/* End PBXFileReference section */

/* Begin PBXFrameworksBuildPhase section */
		270DAB5D22A81AA700868BAB /* Frameworks */ = {
			isa = PBXFrameworksBuildPhase;
			buildActionMask = 2147483647;
			files = (
			);
			runOnlyForDeploymentPostprocessing = 0;
		};
/* End PBXFrameworksBuildPhase section */

/* Begin PBXGroup section */
		270DAB5722A81AA700868BAB = {
			isa = PBXGroup;
			children = (
				270DAB6222A81AA700868BAB /* Presentation 12 */,
				270DAB6122A81AA700868BAB /* Products */,
			);
			sourceTree = "<group>";
		};
		270DAB6122A81AA700868BAB /* Products */ = {
			isa = PBXGroup;
			children = (
				270DAB6022A81AA700868BAB /* Presentation 12.app */,
			);
			name = Products;
			sourceTree = "<group>";
		};
		270DAB6222A81AA700868BAB /* Presentation 12 */ = {
			isa = PBXGroup;
			children = (
				270DAB6322A81AA700868BAB /* AppDelegate.swift */,
				270DAB7722A81AC100868BAB /* ViewControllers.swift */,
				270DAB7522A81ABC00868BAB /* SmolPresentationController.swift */,
				270DAB6722A81AA700868BAB /* Main.storyboard */,
				270DAB6A22A81AAA00868BAB /* Assets.xcassets */,
				270DAB6C22A81AAA00868BAB /* LaunchScreen.storyboard */,
				270DAB6F22A81AAA00868BAB /* Info.plist */,
			);
			path = "Presentation 12";
			sourceTree = "<group>";
		};
/* End PBXGroup section */

/* Begin PBXNativeTarget section */
		270DAB5F22A81AA700868BAB /* Presentation 12 */ = {
			isa = PBXNativeTarget;
			buildConfigurationList = 270DAB7222A81AAA00868BAB /* Build configuration list for PBXNativeTarget "Presentation 12" */;
			buildPhases = (
				270DAB5C22A81AA700868BAB /* Sources */,
				270DAB5D22A81AA700868BAB /* Frameworks */,
				270DAB5E22A81AA700868BAB /* Resources */,
			);
			buildRules = (
			);
			dependencies = (
			);
			name = "Presentation 12";
			productName = "Presentation 12";
			productReference = 270DAB6022A81AA700868BAB /* Presentation 12.app */;
			productType = "com.apple.product-type.application";
		};
/* End PBXNativeTarget section */

/* Begin PBXProject section */
		270DAB5822A81AA700868BAB /* Project object */ = {
			isa = PBXProject;
			attributes = {
				LastSwiftUpdateCheck = 1020;
				LastUpgradeCheck = 1020;
				ORGANIZATIONNAME = "Kyle Bashour";
				TargetAttributes = {
					270DAB5F22A81AA700868BAB = {
						CreatedOnToolsVersion = 10.2;
					};
				};
			};
			buildConfigurationList = 270DAB5B22A81AA700868BAB /* Build configuration list for PBXProject "Presentation 12" */;
			compatibilityVersion = "Xcode 9.3";
			developmentRegion = en;
			hasScannedForEncodings = 0;
			knownRegions = (
				en,
				Base,
			);
			mainGroup = 270DAB5722A81AA700868BAB;
			productRefGroup = 270DAB6122A81AA700868BAB /* Products */;
			projectDirPath = "";
			projectRoot = "";
			targets = (
				270DAB5F22A81AA700868BAB /* Presentation 12 */,
			);
		};
/* End PBXProject section */

/* Begin PBXResourcesBuildPhase section */
		270DAB5E22A81AA700868BAB /* Resources */ = {
			isa = PBXResourcesBuildPhase;
			buildActionMask = 2147483647;
			files = (
				270DAB6E22A81AAA00868BAB /* LaunchScreen.storyboard in Resources */,
				270DAB6B22A81AAA00868BAB /* Assets.xcassets in Resources */,
				270DAB6922A81AA700868BAB /* Main.storyboard in Resources */,
			);
			runOnlyForDeploymentPostprocessing = 0;
		};
/* End PBXResourcesBuildPhase section */

/* Begin PBXSourcesBuildPhase section */
		270DAB5C22A81AA700868BAB /* Sources */ = {
			isa = PBXSourcesBuildPhase;
			buildActionMask = 2147483647;
			files = (
				270DAB6422A81AA700868BAB /* AppDelegate.swift in Sources */,
				270DAB7822A81AC100868BAB /* ViewControllers.swift in Sources */,
				270DAB7622A81ABC00868BAB /* SmolPresentationController.swift in Sources */,
			);
			runOnlyForDeploymentPostprocessing = 0;
		};
/* End PBXSourcesBuildPhase section */

/* Begin PBXVariantGroup section */
		270DAB6722A81AA700868BAB /* Main.storyboard */ = {
			isa = PBXVariantGroup;
			children = (
				270DAB6822A81AA700868BAB /* Base */,
			);
			name = Main.storyboard;
			sourceTree = "<group>";
		};
		270DAB6C22A81AAA00868BAB /* LaunchScreen.storyboard */ = {
			isa = PBXVariantGroup;
			children = (
				270DAB6D22A81AAA00868BAB /* Base */,
			);
			name = LaunchScreen.storyboard;
			sourceTree = "<group>";
		};
/* End PBXVariantGroup section */

/* Begin XCBuildConfiguration section */
		270DAB7022A81AAA00868BAB /* Debug */ = {
			isa = XCBuildConfiguration;
			buildSettings = {
				ALWAYS_SEARCH_USER_PATHS = NO;
				CLANG_ANALYZER_NONNULL = YES;
				CLANG_ANALYZER_NUMBER_OBJECT_CONVERSION = YES_AGGRESSIVE;
				CLANG_CXX_LANGUAGE_STANDARD = "gnu++14";
				CLANG_CXX_LIBRARY = "libc++";
				CLANG_ENABLE_MODULES = YES;
				CLANG_ENABLE_OBJC_ARC = YES;
				CLANG_ENABLE_OBJC_WEAK = YES;
				CLANG_WARN_BLOCK_CAPTURE_AUTORELEASING = YES;
				CLANG_WARN_BOOL_CONVERSION = YES;
				CLANG_WARN_COMMA = YES;
				CLANG_WARN_CONSTANT_CONVERSION = YES;
				CLANG_WARN_DEPRECATED_OBJC_IMPLEMENTATIONS = YES;
				CLANG_WARN_DIRECT_OBJC_ISA_USAGE = YES_ERROR;
				CLANG_WARN_DOCUMENTATION_COMMENTS = YES;
				CLANG_WARN_EMPTY_BODY = YES;
				CLANG_WARN_ENUM_CONVERSION = YES;
				CLANG_WARN_INFINITE_RECURSION = YES;
				CLANG_WARN_INT_CONVERSION = YES;
				CLANG_WARN_NON_LITERAL_NULL_CONVERSION = YES;
				CLANG_WARN_OBJC_IMPLICIT_RETAIN_SELF = YES;
				CLANG_WARN_OBJC_LITERAL_CONVERSION = YES;
				CLANG_WARN_OBJC_ROOT_CLASS = YES_ERROR;
				CLANG_WARN_RANGE_LOOP_ANALYSIS = YES;
				CLANG_WARN_STRICT_PROTOTYPES = YES;
				CLANG_WARN_SUSPICIOUS_MOVE = YES;
				CLANG_WARN_UNGUARDED_AVAILABILITY = YES_AGGRESSIVE;
				CLANG_WARN_UNREACHABLE_CODE = YES;
				CLANG_WARN__DUPLICATE_METHOD_MATCH = YES;
				CODE_SIGN_IDENTITY = "iPhone Developer";
				COPY_PHASE_STRIP = NO;
				DEBUG_INFORMATION_FORMAT = dwarf;
				ENABLE_STRICT_OBJC_MSGSEND = YES;
				ENABLE_TESTABILITY = YES;
				GCC_C_LANGUAGE_STANDARD = gnu11;
				GCC_DYNAMIC_NO_PIC = NO;
				GCC_NO_COMMON_BLOCKS = YES;
				GCC_OPTIMIZATION_LEVEL = 0;
				GCC_PREPROCESSOR_DEFINITIONS = (
					"DEBUG=1",
					"$(inherited)",
				);
				GCC_WARN_64_TO_32_BIT_CONVERSION = YES;
				GCC_WARN_ABOUT_RETURN_TYPE = YES_ERROR;
				GCC_WARN_UNDECLARED_SELECTOR = YES;
				GCC_WARN_UNINITIALIZED_AUTOS = YES_AGGRESSIVE;
				GCC_WARN_UNUSED_FUNCTION = YES;
				GCC_WARN_UNUSED_VARIABLE = YES;
				IPHONEOS_DEPLOYMENT_TARGET = 12.2;
				MTL_ENABLE_DEBUG_INFO = INCLUDE_SOURCE;
				MTL_FAST_MATH = YES;
				ONLY_ACTIVE_ARCH = YES;
				SDKROOT = iphoneos;
				SWIFT_ACTIVE_COMPILATION_CONDITIONS = DEBUG;
				SWIFT_OPTIMIZATION_LEVEL = "-Onone";
			};
			name = Debug;
		};
		270DAB7122A81AAA00868BAB /* Release */ = {
			isa = XCBuildConfiguration;
			buildSettings = {
				ALWAYS_SEARCH_USER_PATHS = NO;
				CLANG_ANALYZER_NONNULL = YES;
				CLANG_ANALYZER_NUMBER_OBJECT_CONVERSION = YES_AGGRESSIVE;
				CLANG_CXX_LANGUAGE_STANDARD = "gnu++14";
				CLANG_CXX_LIBRARY = "libc++";
				CLANG_ENABLE_MODULES = YES;
				CLANG_ENABLE_OBJC_ARC = YES;
				CLANG_ENABLE_OBJC_WEAK = YES;
				CLANG_WARN_BLOCK_CAPTURE_AUTORELEASING = YES;
				CLANG_WARN_BOOL_CONVERSION = YES;
				CLANG_WARN_COMMA = YES;
				CLANG_WARN_CONSTANT_CONVERSION = YES;
				CLANG_WARN_DEPRECATED_OBJC_IMPLEMENTATIONS = YES;
				CLANG_WARN_DIRECT_OBJC_ISA_USAGE = YES_ERROR;
				CLANG_WARN_DOCUMENTATION_COMMENTS = YES;
				CLANG_WARN_EMPTY_BODY = YES;
				CLANG_WARN_ENUM_CONVERSION = YES;
				CLANG_WARN_INFINITE_RECURSION = YES;
				CLANG_WARN_INT_CONVERSION = YES;
				CLANG_WARN_NON_LITERAL_NULL_CONVERSION = YES;
				CLANG_WARN_OBJC_IMPLICIT_RETAIN_SELF = YES;
				CLANG_WARN_OBJC_LITERAL_CONVERSION = YES;
				CLANG_WARN_OBJC_ROOT_CLASS = YES_ERROR;
				CLANG_WARN_RANGE_LOOP_ANALYSIS = YES;
				CLANG_WARN_STRICT_PROTOTYPES = YES;
				CLANG_WARN_SUSPICIOUS_MOVE = YES;
				CLANG_WARN_UNGUARDED_AVAILABILITY = YES_AGGRESSIVE;
				CLANG_WARN_UNREACHABLE_CODE = YES;
				CLANG_WARN__DUPLICATE_METHOD_MATCH = YES;
				CODE_SIGN_IDENTITY = "iPhone Developer";
				COPY_PHASE_STRIP = NO;
				DEBUG_INFORMATION_FORMAT = "dwarf-with-dsym";
				ENABLE_NS_ASSERTIONS = NO;
				ENABLE_STRICT_OBJC_MSGSEND = YES;
				GCC_C_LANGUAGE_STANDARD = gnu11;
				GCC_NO_COMMON_BLOCKS = YES;
				GCC_WARN_64_TO_32_BIT_CONVERSION = YES;
				GCC_WARN_ABOUT_RETURN_TYPE = YES_ERROR;
				GCC_WARN_UNDECLARED_SELECTOR = YES;
				GCC_WARN_UNINITIALIZED_AUTOS = YES_AGGRESSIVE;
				GCC_WARN_UNUSED_FUNCTION = YES;
				GCC_WARN_UNUSED_VARIABLE = YES;
				IPHONEOS_DEPLOYMENT_TARGET = 12.2;
				MTL_ENABLE_DEBUG_INFO = NO;
				MTL_FAST_MATH = YES;
				SDKROOT = iphoneos;
				SWIFT_COMPILATION_MODE = wholemodule;
				SWIFT_OPTIMIZATION_LEVEL = "-O";
				VALIDATE_PRODUCT = YES;
			};
			name = Release;
		};
		270DAB7322A81AAA00868BAB /* Debug */ = {
			isa = XCBuildConfiguration;
			buildSettings = {
				ASSETCATALOG_COMPILER_APPICON_NAME = AppIcon;
				CODE_SIGN_STYLE = Automatic;
				DEVELOPMENT_TEAM = ZEAD23GG77;
				INFOPLIST_FILE = "Presentation 12/Info.plist";
				LD_RUNPATH_SEARCH_PATHS = (
					"$(inherited)",
					"@executable_path/Frameworks",
				);
				PRODUCT_BUNDLE_IDENTIFIER = "com.kylebashour.Presentation-12";
				PRODUCT_NAME = "$(TARGET_NAME)";
				SWIFT_VERSION = 5.0;
				TARGETED_DEVICE_FAMILY = "1,2";
			};
			name = Debug;
		};
		270DAB7422A81AAA00868BAB /* Release */ = {
			isa = XCBuildConfiguration;
			buildSettings = {
				ASSETCATALOG_COMPILER_APPICON_NAME = AppIcon;
				CODE_SIGN_STYLE = Automatic;
				DEVELOPMENT_TEAM = ZEAD23GG77;
				INFOPLIST_FILE = "Presentation 12/Info.plist";
				LD_RUNPATH_SEARCH_PATHS = (
					"$(inherited)",
					"@executable_path/Frameworks",
				);
				PRODUCT_BUNDLE_IDENTIFIER = "com.kylebashour.Presentation-12";
				PRODUCT_NAME = "$(TARGET_NAME)";
				SWIFT_VERSION = 5.0;
				TARGETED_DEVICE_FAMILY = "1,2";
			};
			name = Release;
		};
/* End XCBuildConfiguration section */

/* Begin XCConfigurationList section */
		270DAB5B22A81AA700868BAB /* Build configuration list for PBXProject "Presentation 12" */ = {
			isa = XCConfigurationList;
			buildConfigurations = (
				270DAB7022A81AAA00868BAB /* Debug */,
				270DAB7122A81AAA00868BAB /* Release */,
			);
			defaultConfigurationIsVisible = 0;
			defaultConfigurationName = Release;
		};
		270DAB7222A81AAA00868BAB /* Build configuration list for PBXNativeTarget "Presentation 12" */ = {
			isa = XCConfigurationList;
			buildConfigurations = (
				270DAB7322A81AAA00868BAB /* Debug */,
				270DAB7422A81AAA00868BAB /* Release */,
			);
			defaultConfigurationIsVisible = 0;
			defaultConfigurationName = Release;
		};
/* End XCConfigurationList section */
	};
	rootObject = 270DAB5822A81AA700868BAB /* Project object */;
}
